
Microsoft Visual Studio Solution File, Format Version 12.00
# Visual Studio Version 17
VisualStudioVersion = 17.7.34031.279
MinimumVisualStudioVersion = 10.0.40219.1
Project("{FAE04EC0-301F-11D3-BF4B-00C04F79EFBC}") = "20T1020493", "20T1020493.csproj", "{751727A8-0CB8-42FE-97BF-558F556D73CB}"
EndProject
Global
	GlobalSection(SolutionConfigurationPlatforms) = preSolution
		Debug|Any CPU = Debug|Any CPU
		Release|Any CPU = Release|Any CPU
	EndGlobalSection
	GlobalSection(ProjectConfigurationPlatforms) = postSolution
		{751727A8-0CB8-42FE-97BF-558F556D73CB}.Debug|Any CPU.ActiveCfg = Debug|Any CPU
		{751727A8-0CB8-42FE-97BF-558F556D73CB}.Debug|Any CPU.Build.0 = Debug|Any CPU
		{751727A8-0CB8-42FE-97BF-558F556D73CB}.Release|Any CPU.ActiveCfg = Release|Any CPU
		{751727A8-0CB8-42FE-97BF-558F556D73CB}.Release|Any CPU.Build.0 = Release|Any CPU
	EndGlobalSection
	GlobalSection(SolutionProperties) = preSolution
		HideSolutionNode = FALSE
	EndGlobalSection
	GlobalSection(ExtensibilityGlobals) = postSolution
		SolutionGuid = {D30BC615-1036-4F10-B45F-51CD87841393}
	EndGlobalSection
EndGlobal
