
Microsoft Visual Studio Solution File, Format Version 12.00
# Visual Studio Version 17
VisualStudioVersion = 17.7.34031.279
MinimumVisualStudioVersion = 10.0.40219.1
Project("{9A19103F-16F7-4668-BE54-9A1E7A4F7556}") = "QuanLyDoBo", "QuanLyDoBo.csproj", "{F7DF8047-C598-44DF-996B-C06E5DB9C8AA}"
EndProject
Global
	GlobalSection(SolutionConfigurationPlatforms) = preSolution
		Debug|Any CPU = Debug|Any CPU
		Release|Any CPU = Release|Any CPU
	EndGlobalSection
	GlobalSection(ProjectConfigurationPlatforms) = postSolution
		{F7DF8047-C598-44DF-996B-C06E5DB9C8AA}.Debug|Any CPU.ActiveCfg = Debug|Any CPU
		{F7DF8047-C598-44DF-996B-C06E5DB9C8AA}.Debug|Any CPU.Build.0 = Debug|Any CPU
		{F7DF8047-C598-44DF-996B-C06E5DB9C8AA}.Release|Any CPU.ActiveCfg = Release|Any CPU
		{F7DF8047-C598-44DF-996B-C06E5DB9C8AA}.Release|Any CPU.Build.0 = Release|Any CPU
	EndGlobalSection
	GlobalSection(SolutionProperties) = preSolution
		HideSolutionNode = FALSE
	EndGlobalSection
	GlobalSection(ExtensibilityGlobals) = postSolution
		SolutionGuid = {33904771-247E-46B8-A96B-FBF0560B431A}
	EndGlobalSection
EndGlobal
